
Microsoft Visual Studio Solution File, Format Version 12.00
# Visual Studio 2012
Project("{FAE04EC0-301F-11D3-BF4B-00C04F79EFBC}") = "USJFCOM-Updater", "USJFCOM-Updater\USJFCOM-Updater.csproj", "{23403124-AEE3-4821-A181-537891F99340}"
EndProject
Global
	GlobalSection(SolutionConfigurationPlatforms) = preSolution
		Debug|Any CPU = Debug|Any CPU
		Release|Any CPU = Release|Any CPU
	EndGlobalSection
	GlobalSection(ProjectConfigurationPlatforms) = postSolution
		{23403124-AEE3-4821-A181-537891F99340}.Debug|Any CPU.ActiveCfg = Debug|Any CPU
		{23403124-AEE3-4821-A181-537891F99340}.Debug|Any CPU.Build.0 = Debug|Any CPU
		{23403124-AEE3-4821-A181-537891F99340}.Release|Any CPU.ActiveCfg = Release|Any CPU
		{23403124-AEE3-4821-A181-537891F99340}.Release|Any CPU.Build.0 = Release|Any CPU
	EndGlobalSection
	GlobalSection(SolutionProperties) = preSolution
		HideSolutionNode = FALSE
	EndGlobalSection
EndGlobal
